
Microsoft Visual Studio Solution File, Format Version 12.00
# Visual Studio Version 16
VisualStudioVersion = 16.0.30011.22
MinimumVisualStudioVersion = 10.0.40219.1
Project("{9A19103F-16F7-4668-BE54-9A1E7A4F7556}") = "hms-api", "hms-api\hms-api.csproj", "{ED667A5F-61C8-4AF3-9EBE-8126FFD6FD1C}"
EndProject
Global
	GlobalSection(SolutionConfigurationPlatforms) = preSolution
		Debug|Any CPU = Debug|Any CPU
		Release|Any CPU = Release|Any CPU
	EndGlobalSection
	GlobalSection(ProjectConfigurationPlatforms) = postSolution
		{ED667A5F-61C8-4AF3-9EBE-8126FFD6FD1C}.Debug|Any CPU.ActiveCfg = Debug|Any CPU
		{ED667A5F-61C8-4AF3-9EBE-8126FFD6FD1C}.Debug|Any CPU.Build.0 = Debug|Any CPU
		{ED667A5F-61C8-4AF3-9EBE-8126FFD6FD1C}.Release|Any CPU.ActiveCfg = Release|Any CPU
		{ED667A5F-61C8-4AF3-9EBE-8126FFD6FD1C}.Release|Any CPU.Build.0 = Release|Any CPU
	EndGlobalSection
	GlobalSection(SolutionProperties) = preSolution
		HideSolutionNode = FALSE
	EndGlobalSection
	GlobalSection(ExtensibilityGlobals) = postSolution
		SolutionGuid = {864CAC34-D3A0-443D-8930-4D29A8FB045A}
	EndGlobalSection
EndGlobal
